
Microsoft Visual Studio Solution File, Format Version 12.00
# Visual Studio Version 17
VisualStudioVersion = 17.7.34018.315
MinimumVisualStudioVersion = 10.0.40219.1
Project("{FAE04EC0-301F-11D3-BF4B-00C04F79EFBC}") = "Chat", "Chat\Chat.csproj", "{CBC09BCF-E3A2-4972-8582-FA72D73236CC}"
EndProject
Global
	GlobalSection(SolutionConfigurationPlatforms) = preSolution
		Debug|Any CPU = Debug|Any CPU
		Release|Any CPU = Release|Any CPU
	EndGlobalSection
	GlobalSection(ProjectConfigurationPlatforms) = postSolution
		{CBC09BCF-E3A2-4972-8582-FA72D73236CC}.Debug|Any CPU.ActiveCfg = Debug|Any CPU
		{CBC09BCF-E3A2-4972-8582-FA72D73236CC}.Debug|Any CPU.Build.0 = Debug|Any CPU
		{CBC09BCF-E3A2-4972-8582-FA72D73236CC}.Release|Any CPU.ActiveCfg = Release|Any CPU
		{CBC09BCF-E3A2-4972-8582-FA72D73236CC}.Release|Any CPU.Build.0 = Release|Any CPU
	EndGlobalSection
	GlobalSection(SolutionProperties) = preSolution
		HideSolutionNode = FALSE
	EndGlobalSection
	GlobalSection(ExtensibilityGlobals) = postSolution
		SolutionGuid = {7BF6647D-E951-4873-89FC-19E87223B1C6}
	EndGlobalSection
EndGlobal
